PODS:
  - Convenience/Misc (0.0.1)
  - Convenience/Persistence (0.0.1)
  - Convenience/WebServices (0.0.1):
    - SwiftyBeaver
  - OpenSSL-Apple (1.1.1g.6)
  - SSZipArchive (2.2.3)
  - SwiftyBeaver (1.9.1)
  - TunnelKit/AppExtension (2.3.0):
    - SwiftyBeaver
    - TunnelKit/Core
  - TunnelKit/Core (2.3.0):
    - SwiftyBeaver
  - TunnelKit/Extra/LZO (2.3.0)
  - TunnelKit/Manager (2.3.0):
    - SwiftyBeaver
  - TunnelKit/Protocols/OpenVPN (2.3.0):
    - OpenSSL-Apple (~> 1.1.1g.6)
    - TunnelKit/AppExtension
    - TunnelKit/Core

DEPENDENCIES:
  - Convenience/Misc (from `https://github.com/keeshux/convenience`, commit `cfd2e57`)
  - Convenience/Persistence (from `https://github.com/keeshux/convenience`, commit `cfd2e57`)
  - Convenience/WebServices (from `https://github.com/keeshux/convenience`, commit `cfd2e57`)
  - SSZipArchive
  - TunnelKit/Extra/LZO (from `https://github.com/passepartoutvpn/tunnelkit`, commit `683617d`)
  - TunnelKit/Manager (from `https://github.com/passepartoutvpn/tunnelkit`, commit `683617d`)
  - TunnelKit/Protocols/OpenVPN (from `https://github.com/passepartoutvpn/tunnelkit`, commit `683617d`)

SPEC REPOS:
  https://github.com/cocoapods/specs.git:
    - OpenSSL-Apple
    - SSZipArchive
    - SwiftyBeaver

EXTERNAL SOURCES:
  Convenience:
    :commit: cfd2e57
    :git: https://github.com/keeshux/convenience
  TunnelKit:
    :commit: 683617d
    :git: https://github.com/passepartoutvpn/tunnelkit

CHECKOUT OPTIONS:
  Convenience:
    :commit: cfd2e57
    :git: https://github.com/keeshux/convenience
  TunnelKit:
    :commit: 683617d
    :git: https://github.com/passepartoutvpn/tunnelkit

SPEC CHECKSUMS:
  Convenience: 230739dd640bb826b640765d93715744721726be
  OpenSSL-Apple: c9c1b9c5b2b1fc4e1758fc5f0836b58ae7fd8183
  SSZipArchive: 62d4947b08730e4cda640473b0066d209ff033c9
  SwiftyBeaver: a1f5691458561414bcfab51874b2b7445451602b
  TunnelKit: a4fa4ecc6fc2b9fa74c38609c0e8fc4441d9672e

PODFILE CHECKSUM: ba94cb85098bbf04e74ffe879d92f845015257eb

COCOAPODS: 1.9.1
