PODS:
  - Convenience/Persistence (0.0.1)
  - OpenSSL-Apple (1.1.0l.4)
  - SSZipArchive (2.2.1)
  - SwiftyBeaver (1.8.2)
  - TunnelKit/AppExtension (2.1.0):
    - SwiftyBeaver
    - TunnelKit/Core
  - TunnelKit/Core (2.1.0):
    - SwiftyBeaver
  - TunnelKit/Extra/LZO (2.1.0)
  - TunnelKit/Protocols/OpenVPN (2.1.0):
    - OpenSSL-Apple (~> 1.1.0j.4)
    - TunnelKit/AppExtension
    - TunnelKit/Core

DEPENDENCIES:
  - Convenience/Persistence (from `https://github.com/keeshux/convenience`, commit `9689317`)
  - SSZipArchive
  - TunnelKit/Extra/LZO (from `https://github.com/passepartoutvpn/tunnelkit`, commit `4e77f5b`)
  - TunnelKit/Protocols/OpenVPN (from `https://github.com/passepartoutvpn/tunnelkit`, commit `4e77f5b`)

SPEC REPOS:
  https://github.com/cocoapods/specs.git:
    - OpenSSL-Apple
    - SSZipArchive
    - SwiftyBeaver

EXTERNAL SOURCES:
  Convenience:
    :commit: '9689317'
    :git: https://github.com/keeshux/convenience
  TunnelKit:
    :commit: 4e77f5b
    :git: https://github.com/passepartoutvpn/tunnelkit

CHECKOUT OPTIONS:
  Convenience:
    :commit: '9689317'
    :git: https://github.com/keeshux/convenience
  TunnelKit:
    :commit: 4e77f5b
    :git: https://github.com/passepartoutvpn/tunnelkit

SPEC CHECKSUMS:
  Convenience: 10adec89c4181a41ffa06647b5f857e36f477792
  OpenSSL-Apple: f3d1668588ea8f06b076dcfa6177cd90452e3800
  SSZipArchive: 8e859da2520142e09166bc9161967db296e9d02f
  SwiftyBeaver: aaf2ebd7dac2e952991f46a82ed24ad642867ae2
  TunnelKit: 5d2993370c756a5cbec77876e52088aa5dfafcd4

PODFILE CHECKSUM: 32eb438b508a4e0890bfa13a3ff6da45f0c30e8d

COCOAPODS: 1.6.2
