PODS:
  - Convenience/Misc (0.0.1)
  - Convenience/Persistence (0.0.1)
  - Convenience/WebServices (0.0.1):
    - SwiftyBeaver
  - OpenSSL-Apple (1.1.1f.6)
  - SSZipArchive (2.2.2)
  - SwiftyBeaver (1.9.1)
  - TunnelKit/AppExtension (2.2.2):
    - SwiftyBeaver
    - TunnelKit/Core
  - TunnelKit/Core (2.2.2):
    - SwiftyBeaver
  - TunnelKit/Extra/LZO (2.2.2)
  - TunnelKit/Protocols/OpenVPN (2.2.2):
    - OpenSSL-Apple (~> 1.1.1f.6)
    - TunnelKit/AppExtension
    - TunnelKit/Core

DEPENDENCIES:
  - Convenience/Misc (from `https://github.com/keeshux/convenience`, commit `cfd2e57`)
  - Convenience/Persistence (from `https://github.com/keeshux/convenience`, commit `cfd2e57`)
  - Convenience/WebServices (from `https://github.com/keeshux/convenience`, commit `cfd2e57`)
  - SSZipArchive
  - TunnelKit/Extra/LZO (from `https://github.com/passepartoutvpn/tunnelkit`, commit `7ba0225`)
  - TunnelKit/Protocols/OpenVPN (from `https://github.com/passepartoutvpn/tunnelkit`, commit `7ba0225`)

SPEC REPOS:
  https://github.com/cocoapods/specs.git:
    - OpenSSL-Apple
    - SSZipArchive
    - SwiftyBeaver

EXTERNAL SOURCES:
  Convenience:
    :commit: cfd2e57
    :git: https://github.com/keeshux/convenience
  TunnelKit:
    :commit: 7ba0225
    :git: https://github.com/passepartoutvpn/tunnelkit

CHECKOUT OPTIONS:
  Convenience:
    :commit: cfd2e57
    :git: https://github.com/keeshux/convenience
  TunnelKit:
    :commit: 7ba0225
    :git: https://github.com/passepartoutvpn/tunnelkit

SPEC CHECKSUMS:
  Convenience: 230739dd640bb826b640765d93715744721726be
  OpenSSL-Apple: 07d3f68add280b474278320232fb89625dd29fe9
  SSZipArchive: fa16b8cc4cdeceb698e5e5d9f67e9558532fbf23
  SwiftyBeaver: a1f5691458561414bcfab51874b2b7445451602b
  TunnelKit: 3b5756c750d9e4ef81d42df758680a70863db798

PODFILE CHECKSUM: a294ae719ead3338d3204c92a5dde43bf7c5636a

COCOAPODS: 1.9.1
